
Microsoft Visual Studio Solution File, Format Version 12.00
# Visual Studio Version 16
VisualStudioVersion = 25.0.1700.1
MinimumVisualStudioVersion = 10.0.40219.1
Project("{FAE04EC0-301F-11D3-BF4B-00C04F79EFBC}") = "1374A", "1374A.csproj", "{00C74DE8-DA67-42AE-8577-63B088F72C3A}"
EndProject
Global
	GlobalSection(SolutionConfigurationPlatforms) = preSolution
		Debug|Any CPU = Debug|Any CPU
		Release|Any CPU = Release|Any CPU
	EndGlobalSection
	GlobalSection(ProjectConfigurationPlatforms) = postSolution
		{00C74DE8-DA67-42AE-8577-63B088F72C3A}.Debug|Any CPU.ActiveCfg = Debug|Any CPU
		{00C74DE8-DA67-42AE-8577-63B088F72C3A}.Debug|Any CPU.Build.0 = Debug|Any CPU
		{00C74DE8-DA67-42AE-8577-63B088F72C3A}.Release|Any CPU.ActiveCfg = Release|Any CPU
		{00C74DE8-DA67-42AE-8577-63B088F72C3A}.Release|Any CPU.Build.0 = Release|Any CPU
	EndGlobalSection
	GlobalSection(SolutionProperties) = preSolution
		HideSolutionNode = FALSE
	EndGlobalSection
	GlobalSection(ExtensibilityGlobals) = postSolution
		SolutionGuid = {DE53F804-C72B-4F39-BB18-B0AD89E0145D}
	EndGlobalSection
EndGlobal
